// !$*UTF8*$!
{
	archiveVersion = 1;
	classes = {
	};
	objectVersion = 46;
	objects = {

/* Begin PBXBuildFile section */
		214C410F4BAE2D2288F4F667 /* Pods_OpenCaiUITests.framework in Frameworks */ = {isa = PBXBuildFile; fileRef = 5D14982B96D0150E038427AA /* Pods_OpenCaiUITests.framework */; };
		3BE830F150BD620A251A5FF6 /* Pods_OpenCaiTests.framework in Frameworks */ = {isa = PBXBuildFile; fileRef = 8A0D8FE227805E77C29F24BE /* Pods_OpenCaiTests.framework */; };
		4D64CFC6A3BDE608F9FB6891 /* Pods_OpenCai.framework in Frameworks */ = {isa = PBXBuildFile; fileRef = 66D318A4144B18916EDAB010 /* Pods_OpenCai.framework */; };
		C79AA2541E3459DA0095B708 /* main.m in Sources */ = {isa = PBXBuildFile; fileRef = C79AA2531E3459DA0095B708 /* main.m */; };
		C79AA2571E3459DA0095B708 /* AppDelegate.m in Sources */ = {isa = PBXBuildFile; fileRef = C79AA2561E3459DA0095B708 /* AppDelegate.m */; };
		C79AA25A1E3459DA0095B708 /* ViewController.m in Sources */ = {isa = PBXBuildFile; fileRef = C79AA2591E3459DA0095B708 /* ViewController.m */; };
		C79AA25D1E3459DA0095B708 /* Main.storyboard in Resources */ = {isa = PBXBuildFile; fileRef = C79AA25B1E3459DA0095B708 /* Main.storyboard */; };
		C79AA25F1E3459DA0095B708 /* Assets.xcassets in Resources */ = {isa = PBXBuildFile; fileRef = C79AA25E1E3459DA0095B708 /* Assets.xcassets */; };
		C79AA2621E3459DA0095B708 /* LaunchScreen.storyboard in Resources */ = {isa = PBXBuildFile; fileRef = C79AA2601E3459DA0095B708 /* LaunchScreen.storyboard */; };
		C79AA26D1E3459DB0095B708 /* OpenCaiTests.m in Sources */ = {isa = PBXBuildFile; fileRef = C79AA26C1E3459DB0095B708 /* OpenCaiTests.m */; };
		C79AA2781E3459DB0095B708 /* OpenCaiUITests.m in Sources */ = {isa = PBXBuildFile; fileRef = C79AA2771E3459DB0095B708 /* OpenCaiUITests.m */; };
		C79AA2A01E345E070095B708 /* HomeViewController.m in Sources */ = {isa = PBXBuildFile; fileRef = C79AA29E1E345E070095B708 /* HomeViewController.m */; };
		C79AA2A81E345FAC0095B708 /* TNavigationController.m in Sources */ = {isa = PBXBuildFile; fileRef = C79AA2A71E345FAC0095B708 /* TNavigationController.m */; };
		C79AA2AF1E348B490095B708 /* OpenCodeView.m in Sources */ = {isa = PBXBuildFile; fileRef = C79AA2AE1E348B490095B708 /* OpenCodeView.m */; };
		C79AA2B21E348B7E0095B708 /* AreaView.m in Sources */ = {isa = PBXBuildFile; fileRef = C79AA2B11E348B7E0095B708 /* AreaView.m */; };
		C79AA2B51E348B910095B708 /* CardView.m in Sources */ = {isa = PBXBuildFile; fileRef = C79AA2B41E348B910095B708 /* CardView.m */; };
		C79AA2B81E348E910095B708 /* shareIcon.png in Resources */ = {isa = PBXBuildFile; fileRef = C79AA2B71E348E910095B708 /* shareIcon.png */; };
		C79AA2BA1E348EC80095B708 /* loginIcon.png in Resources */ = {isa = PBXBuildFile; fileRef = C79AA2B91E348EC80095B708 /* loginIcon.png */; };
		C79AA2BC1E348EF90095B708 /* helpIcon.png in Resources */ = {isa = PBXBuildFile; fileRef = C79AA2BB1E348EF90095B708 /* helpIcon.png */; };
		C79AA2BE1E348F1D0095B708 /* setIcon.png in Resources */ = {isa = PBXBuildFile; fileRef = C79AA2BD1E348F1D0095B708 /* setIcon.png */; };
		C79AA2C11E34950B0095B708 /* UIButton+Extension.m in Sources */ = {isa = PBXBuildFile; fileRef = C79AA2C01E34950B0095B708 /* UIButton+Extension.m */; };
		C79AA2C41E3497CA0095B708 /* UILabel+Extension.m in Sources */ = {isa = PBXBuildFile; fileRef = C79AA2C31E3497CA0095B708 /* UILabel+Extension.m */; };
		C79AA2CC1E34B8400095B708 /* areaIcon.png in Resources */ = {isa = PBXBuildFile; fileRef = C79AA2CB1E34B8400095B708 /* areaIcon.png */; };
		C7A2829C1E3596FA0042F8E1 /* ProvinceList.plist in Resources */ = {isa = PBXBuildFile; fileRef = C7A2829B1E3596FA0042F8E1 /* ProvinceList.plist */; };
		C7A2829F1E35A3A40042F8E1 /* ProModel.m in Sources */ = {isa = PBXBuildFile; fileRef = C7A2829E1E35A3A40042F8E1 /* ProModel.m */; };
		C7A282A21E35D7290042F8E1 /* TriangleView.m in Sources */ = {isa = PBXBuildFile; fileRef = C7A282A11E35D7290042F8E1 /* TriangleView.m */; };
		C7AC907F1E37000800A45A98 /* feedback.png in Resources */ = {isa = PBXBuildFile; fileRef = C7AC907B1E37000800A45A98 /* feedback.png */; };
		C7AC90801E37000800A45A98 /* master.png in Resources */ = {isa = PBXBuildFile; fileRef = C7AC907C1E37000800A45A98 /* master.png */; };
		C7AC90811E37000800A45A98 /* more.png in Resources */ = {isa = PBXBuildFile; fileRef = C7AC907D1E37000800A45A98 /* more.png */; };
		C7AC90821E37000800A45A98 /* recommend.png in Resources */ = {isa = PBXBuildFile; fileRef = C7AC907E1E37000800A45A98 /* recommend.png */; };
		C7AC90851E37321100A45A98 /* OpenTimeView.m in Sources */ = {isa = PBXBuildFile; fileRef = C7AC90841E37321100A45A98 /* OpenTimeView.m */; };
		C7AC90881E37513D00A45A98 /* ToolBarView.m in Sources */ = {isa = PBXBuildFile; fileRef = C7AC90871E37513D00A45A98 /* ToolBarView.m */; };
/* End PBXBuildFile section */

/* Begin PBXContainerItemProxy section */
		C79AA2691E3459DB0095B708 /* PBXContainerItemProxy */ = {
			isa = PBXContainerItemProxy;
			containerPortal = C79AA2471E3459DA0095B708 /* Project object */;
			proxyType = 1;
			remoteGlobalIDString = C79AA24E1E3459DA0095B708;
			remoteInfo = OpenCai;
		};
		C79AA2741E3459DB0095B708 /* PBXContainerItemProxy */ = {
			isa = PBXContainerItemProxy;
			containerPortal = C79AA2471E3459DA0095B708 /* Project object */;
			proxyType = 1;
			remoteGlobalIDString = C79AA24E1E3459DA0095B708;
			remoteInfo = OpenCai;
		};
/* End PBXContainerItemProxy section */

/* Begin PBXFileReference section */
		097FDB51259412E4DE1152AB /* Pods-OpenCai.debug.xcconfig */ = {isa = PBXFileReference; includeInIndex = 1; lastKnownFileType = text.xcconfig; name = "Pods-OpenCai.debug.xcconfig"; path = "Pods/Target Support Files/Pods-OpenCai/Pods-OpenCai.debug.xcconfig"; sourceTree = "<group>"; };
		0CCEE8CBCEFF5DBBCAF0D706 /* Pods-OpenCaiTests.release.xcconfig */ = {isa = PBXFileReference; includeInIndex = 1; lastKnownFileType = text.xcconfig; name = "Pods-OpenCaiTests.release.xcconfig"; path = "Pods/Target Support Files/Pods-OpenCaiTests/Pods-OpenCaiTests.release.xcconfig"; sourceTree = "<group>"; };
		436922570C829BD36405C2CD /* Pods-OpenCaiUITests.debug.xcconfig */ = {isa = PBXFileReference; includeInIndex = 1; lastKnownFileType = text.xcconfig; name = "Pods-OpenCaiUITests.debug.xcconfig"; path = "Pods/Target Support Files/Pods-OpenCaiUITests/Pods-OpenCaiUITests.debug.xcconfig"; sourceTree = "<group>"; };
		5D14982B96D0150E038427AA /* Pods_OpenCaiUITests.framework */ = {isa = PBXFileReference; explicitFileType = wrapper.framework; includeInIndex = 0; path = Pods_OpenCaiUITests.framework; sourceTree = BUILT_PRODUCTS_DIR; };
		66D318A4144B18916EDAB010 /* Pods_OpenCai.framework */ = {isa = PBXFileReference; explicitFileType = wrapper.framework; includeInIndex = 0; path = Pods_OpenCai.framework; sourceTree = BUILT_PRODUCTS_DIR; };
		791D890F12B899B046CF93ED /* Pods-OpenCaiUITests.release.xcconfig */ = {isa = PBXFileReference; includeInIndex = 1; lastKnownFileType = text.xcconfig; name = "Pods-OpenCaiUITests.release.xcconfig"; path = "Pods/Target Support Files/Pods-OpenCaiUITests/Pods-OpenCaiUITests.release.xcconfig"; sourceTree = "<group>"; };
		7E60CF140C293F2DC51FC4BA /* Pods-OpenCai.release.xcconfig */ = {isa = PBXFileReference; includeInIndex = 1; lastKnownFileType = text.xcconfig; name = "Pods-OpenCai.release.xcconfig"; path = "Pods/Target Support Files/Pods-OpenCai/Pods-OpenCai.release.xcconfig"; sourceTree = "<group>"; };
		8A0D8FE227805E77C29F24BE /* Pods_OpenCaiTests.framework */ = {isa = PBXFileReference; explicitFileType = wrapper.framework; includeInIndex = 0; path = Pods_OpenCaiTests.framework; sourceTree = BUILT_PRODUCTS_DIR; };
		C79AA24F1E3459DA0095B708 /* OpenCai.app */ = {isa = PBXFileReference; explicitFileType = wrapper.application; includeInIndex = 0; path = OpenCai.app; sourceTree = BUILT_PRODUCTS_DIR; };
		C79AA2531E3459DA0095B708 /* main.m */ = {isa = PBXFileReference; lastKnownFileType = sourcecode.c.objc; path = main.m; sourceTree = "<group>"; };
		C79AA2551E3459DA0095B708 /* AppDelegate.h */ = {isa = PBXFileReference; lastKnownFileType = sourcecode.c.h; path = AppDelegate.h; sourceTree = "<group>"; };
		C79AA2561E3459DA0095B708 /* AppDelegate.m */ = {isa = PBXFileReference; lastKnownFileType = sourcecode.c.objc; path = AppDelegate.m; sourceTree = "<group>"; };
		C79AA2581E3459DA0095B708 /* ViewController.h */ = {isa = PBXFileReference; lastKnownFileType = sourcecode.c.h; path = ViewController.h; sourceTree = "<group>"; };
		C79AA2591E3459DA0095B708 /* ViewController.m */ = {isa = PBXFileReference; lastKnownFileType = sourcecode.c.objc; path = ViewController.m; sourceTree = "<group>"; };
		C79AA25C1E3459DA0095B708 /* Base */ = {isa = PBXFileReference; lastKnownFileType = file.storyboard; name = Base; path = Base.lproj/Main.storyboard; sourceTree = "<group>"; };
		C79AA25E1E3459DA0095B708 /* Assets.xcassets */ = {isa = PBXFileReference; lastKnownFileType = folder.assetcatalog; path = Assets.xcassets; sourceTree = "<group>"; };
		C79AA2611E3459DA0095B708 /* Base */ = {isa = PBXFileReference; lastKnownFileType = file.storyboard; name = Base; path = Base.lproj/LaunchScreen.storyboard; sourceTree = "<group>"; };
		C79AA2631E3459DA0095B708 /* Info.plist */ = {isa = PBXFileReference; lastKnownFileType = text.plist.xml; path = Info.plist; sourceTree = "<group>"; };
		C79AA2681E3459DA0095B708 /* OpenCaiTests.xctest */ = {isa = PBXFileReference; explicitFileType = wrapper.cfbundle; includeInIndex = 0; path = OpenCaiTests.xctest; sourceTree = BUILT_PRODUCTS_DIR; };
		C79AA26C1E3459DB0095B708 /* OpenCaiTests.m */ = {isa = PBXFileReference; lastKnownFileType = sourcecode.c.objc; path = OpenCaiTests.m; sourceTree = "<group>"; };
		C79AA26E1E3459DB0095B708 /* Info.plist */ = {isa = PBXFileReference; lastKnownFileType = text.plist.xml; path = Info.plist; sourceTree = "<group>"; };
		C79AA2731E3459DB0095B708 /* OpenCaiUITests.xctest */ = {isa = PBXFileReference; explicitFileType = wrapper.cfbundle; includeInIndex = 0; path = OpenCaiUITests.xctest; sourceTree = BUILT_PRODUCTS_DIR; };
		C79AA2771E3459DB0095B708 /* OpenCaiUITests.m */ = {isa = PBXFileReference; lastKnownFileType = sourcecode.c.objc; path = OpenCaiUITests.m; sourceTree = "<group>"; };
		C79AA2791E3459DB0095B708 /* Info.plist */ = {isa = PBXFileReference; lastKnownFileType = text.plist.xml; path = Info.plist; sourceTree = "<group>"; };
		C79AA29D1E345E070095B708 /* HomeViewController.h */ = {isa = PBXFileReference; fileEncoding = 4; lastKnownFileType = sourcecode.c.h; path = HomeViewController.h; sourceTree = "<group>"; };
		C79AA29E1E345E070095B708 /* HomeViewController.m */ = {isa = PBXFileReference; fileEncoding = 4; lastKnownFileType = sourcecode.c.objc; path = HomeViewController.m; sourceTree = "<group>"; };
		C79AA2A61E345FAC0095B708 /* TNavigationController.h */ = {isa = PBXFileReference; fileEncoding = 4; lastKnownFileType = sourcecode.c.h; path = TNavigationController.h; sourceTree = "<group>"; };
		C79AA2A71E345FAC0095B708 /* TNavigationController.m */ = {isa = PBXFileReference; fileEncoding = 4; lastKnownFileType = sourcecode.c.objc; path = TNavigationController.m; sourceTree = "<group>"; };
		C79AA2AB1E3462240095B708 /* Macro.h */ = {isa = PBXFileReference; lastKnownFileType = sourcecode.c.h; path = Macro.h; sourceTree = "<group>"; };
		C79AA2AC1E34659A0095B708 /* PrefixHeader.pch */ = {isa = PBXFileReference; lastKnownFileType = sourcecode.c.h; path = PrefixHeader.pch; sourceTree = "<group>"; };
		C79AA2AD1E348B490095B708 /* OpenCodeView.h */ = {isa = PBXFileReference; fileEncoding = 4; lastKnownFileType = sourcecode.c.h; path = OpenCodeView.h; sourceTree = "<group>"; };
		C79AA2AE1E348B490095B708 /* OpenCodeView.m */ = {isa = PBXFileReference; fileEncoding = 4; lastKnownFileType = sourcecode.c.objc; path = OpenCodeView.m; sourceTree = "<group>"; };
		C79AA2B01E348B7E0095B708 /* AreaView.h */ = {isa = PBXFileReference; fileEncoding = 4; lastKnownFileType = sourcecode.c.h; path = AreaView.h; sourceTree = "<group>"; };
		C79AA2B11E348B7E0095B708 /* AreaView.m */ = {isa = PBXFileReference; fileEncoding = 4; lastKnownFileType = sourcecode.c.objc; path = AreaView.m; sourceTree = "<group>"; };
		C79AA2B31E348B910095B708 /* CardView.h */ = {isa = PBXFileReference; fileEncoding = 4; lastKnownFileType = sourcecode.c.h; path = CardView.h; sourceTree = "<group>"; };
		C79AA2B41E348B910095B708 /* CardView.m */ = {isa = PBXFileReference; fileEncoding = 4; lastKnownFileType = sourcecode.c.objc; path = CardView.m; sourceTree = "<group>"; };
		C79AA2B71E348E910095B708 /* shareIcon.png */ = {isa = PBXFileReference; lastKnownFileType = image.png; path = shareIcon.png; sourceTree = "<group>"; };
		C79AA2B91E348EC80095B708 /* loginIcon.png */ = {isa = PBXFileReference; lastKnownFileType = image.png; path = loginIcon.png; sourceTree = "<group>"; };
		C79AA2BB1E348EF90095B708 /* helpIcon.png */ = {isa = PBXFileReference; lastKnownFileType = image.png; path = helpIcon.png; sourceTree = "<group>"; };
		C79AA2BD1E348F1D0095B708 /* setIcon.png */ = {isa = PBXFileReference; lastKnownFileType = image.png; path = setIcon.png; sourceTree = "<group>"; };
		C79AA2BF1E34950B0095B708 /* UIButton+Extension.h */ = {isa = PBXFileReference; fileEncoding = 4; lastKnownFileType = sourcecode.c.h; path = "UIButton+Extension.h"; sourceTree = "<group>"; };
		C79AA2C01E34950B0095B708 /* UIButton+Extension.m */ = {isa = PBXFileReference; fileEncoding = 4; lastKnownFileType = sourcecode.c.objc; path = "UIButton+Extension.m"; sourceTree = "<group>"; };
		C79AA2C21E3497CA0095B708 /* UILabel+Extension.h */ = {isa = PBXFileReference; fileEncoding = 4; lastKnownFileType = sourcecode.c.h; path = "UILabel+Extension.h"; sourceTree = "<group>"; };
		C79AA2C31E3497CA0095B708 /* UILabel+Extension.m */ = {isa = PBXFileReference; fileEncoding = 4; lastKnownFileType = sourcecode.c.objc; path = "UILabel+Extension.m"; sourceTree = "<group>"; };
		C79AA2CB1E34B8400095B708 /* areaIcon.png */ = {isa = PBXFileReference; lastKnownFileType = image.png; path = areaIcon.png; sourceTree = "<group>"; };
		C7A2829B1E3596FA0042F8E1 /* ProvinceList.plist */ = {isa = PBXFileReference; fileEncoding = 4; lastKnownFileType = text.plist.xml; path = ProvinceList.plist; sourceTree = "<group>"; };
		C7A2829D1E35A3A40042F8E1 /* ProModel.h */ = {isa = PBXFileReference; fileEncoding = 4; lastKnownFileType = sourcecode.c.h; path = ProModel.h; sourceTree = "<group>"; };
		C7A2829E1E35A3A40042F8E1 /* ProModel.m */ = {isa = PBXFileReference; fileEncoding = 4; lastKnownFileType = sourcecode.c.objc; path = ProModel.m; sourceTree = "<group>"; };
		C7A282A01E35D7290042F8E1 /* TriangleView.h */ = {isa = PBXFileReference; fileEncoding = 4; lastKnownFileType = sourcecode.c.h; path = TriangleView.h; sourceTree = "<group>"; };
		C7A282A11E35D7290042F8E1 /* TriangleView.m */ = {isa = PBXFileReference; fileEncoding = 4; lastKnownFileType = sourcecode.c.objc; path = TriangleView.m; sourceTree = "<group>"; };
		C7AC907B1E37000800A45A98 /* feedback.png */ = {isa = PBXFileReference; lastKnownFileType = image.png; path = feedback.png; sourceTree = "<group>"; };
		C7AC907C1E37000800A45A98 /* master.png */ = {isa = PBXFileReference; lastKnownFileType = image.png; path = master.png; sourceTree = "<group>"; };
		C7AC907D1E37000800A45A98 /* more.png */ = {isa = PBXFileReference; lastKnownFileType = image.png; path = more.png; sourceTree = "<group>"; };
		C7AC907E1E37000800A45A98 /* recommend.png */ = {isa = PBXFileReference; lastKnownFileType = image.png; path = recommend.png; sourceTree = "<group>"; };
		C7AC90831E37321100A45A98 /* OpenTimeView.h */ = {isa = PBXFileReference; fileEncoding = 4; lastKnownFileType = sourcecode.c.h; path = OpenTimeView.h; sourceTree = "<group>"; };
		C7AC90841E37321100A45A98 /* OpenTimeView.m */ = {isa = PBXFileReference; fileEncoding = 4; lastKnownFileType = sourcecode.c.objc; path = OpenTimeView.m; sourceTree = "<group>"; };
		C7AC90861E37513D00A45A98 /* ToolBarView.h */ = {isa = PBXFileReference; fileEncoding = 4; lastKnownFileType = sourcecode.c.h; path = ToolBarView.h; sourceTree = "<group>"; };
		C7AC90871E37513D00A45A98 /* ToolBarView.m */ = {isa = PBXFileReference; fileEncoding = 4; lastKnownFileType = sourcecode.c.objc; path = ToolBarView.m; sourceTree = "<group>"; };
		E5DCC874DF9CD6F710C42308 /* Pods-OpenCaiTests.debug.xcconfig */ = {isa = PBXFileReference; includeInIndex = 1; lastKnownFileType = text.xcconfig; name = "Pods-OpenCaiTests.debug.xcconfig"; path = "Pods/Target Support Files/Pods-OpenCaiTests/Pods-OpenCaiTests.debug.xcconfig"; sourceTree = "<group>"; };
/* End PBXFileReference section */

/* Begin PBXFrameworksBuildPhase section */
		C79AA24C1E3459DA0095B708 /* Frameworks */ = {
			isa = PBXFrameworksBuildPhase;
			buildActionMask = 2147483647;
			files = (
				4D64CFC6A3BDE608F9FB6891 /* Pods_OpenCai.framework in Frameworks */,
			);
			runOnlyForDeploymentPostprocessing = 0;
		};
		C79AA2651E3459DA0095B708 /* Frameworks */ = {
			isa = PBXFrameworksBuildPhase;
			buildActionMask = 2147483647;
			files = (
				3BE830F150BD620A251A5FF6 /* Pods_OpenCaiTests.framework in Frameworks */,
			);
			runOnlyForDeploymentPostprocessing = 0;
		};
		C79AA2701E3459DB0095B708 /* Frameworks */ = {
			isa = PBXFrameworksBuildPhase;
			buildActionMask = 2147483647;
			files = (
				214C410F4BAE2D2288F4F667 /* Pods_OpenCaiUITests.framework in Frameworks */,
			);
			runOnlyForDeploymentPostprocessing = 0;
		};
/* End PBXFrameworksBuildPhase section */

/* Begin PBXGroup section */
		846580EEF9F158D9C1090468 /* Pods */ = {
			isa = PBXGroup;
			children = (
				097FDB51259412E4DE1152AB /* Pods-OpenCai.debug.xcconfig */,
				7E60CF140C293F2DC51FC4BA /* Pods-OpenCai.release.xcconfig */,
				E5DCC874DF9CD6F710C42308 /* Pods-OpenCaiTests.debug.xcconfig */,
				0CCEE8CBCEFF5DBBCAF0D706 /* Pods-OpenCaiTests.release.xcconfig */,
				436922570C829BD36405C2CD /* Pods-OpenCaiUITests.debug.xcconfig */,
				791D890F12B899B046CF93ED /* Pods-OpenCaiUITests.release.xcconfig */,
			);
			name = Pods;
			sourceTree = "<group>";
		};
		C79AA2461E3459DA0095B708 = {
			isa = PBXGroup;
			children = (
				C79AA2511E3459DA0095B708 /* OpenCai */,
				C79AA26B1E3459DB0095B708 /* OpenCaiTests */,
				C79AA2761E3459DB0095B708 /* OpenCaiUITests */,
				C79AA2501E3459DA0095B708 /* Products */,
				846580EEF9F158D9C1090468 /* Pods */,
				EB1FAC283DF62D2E6D392E64 /* Frameworks */,
			);
			sourceTree = "<group>";
		};
		C79AA2501E3459DA0095B708 /* Products */ = {
			isa = PBXGroup;
			children = (
				C79AA24F1E3459DA0095B708 /* OpenCai.app */,
				C79AA2681E3459DA0095B708 /* OpenCaiTests.xctest */,
				C79AA2731E3459DB0095B708 /* OpenCaiUITests.xctest */,
			);
			name = Products;
			sourceTree = "<group>";
		};
		C79AA2511E3459DA0095B708 /* OpenCai */ = {
			isa = PBXGroup;
			children = (
				C79AA2851E345BF40095B708 /* Classes */,
				C79AA2551E3459DA0095B708 /* AppDelegate.h */,
				C79AA2561E3459DA0095B708 /* AppDelegate.m */,
				C79AA2581E3459DA0095B708 /* ViewController.h */,
				C79AA2591E3459DA0095B708 /* ViewController.m */,
				C79AA25B1E3459DA0095B708 /* Main.storyboard */,
				C79AA25E1E3459DA0095B708 /* Assets.xcassets */,
				C79AA2601E3459DA0095B708 /* LaunchScreen.storyboard */,
				C79AA2631E3459DA0095B708 /* Info.plist */,
				C79AA2521E3459DA0095B708 /* Supporting Files */,
			);
			path = OpenCai;
			sourceTree = "<group>";
		};
		C79AA2521E3459DA0095B708 /* Supporting Files */ = {
			isa = PBXGroup;
			children = (
				C79AA2531E3459DA0095B708 /* main.m */,
			);
			name = "Supporting Files";
			sourceTree = "<group>";
		};
		C79AA26B1E3459DB0095B708 /* OpenCaiTests */ = {
			isa = PBXGroup;
			children = (
				C79AA26C1E3459DB0095B708 /* OpenCaiTests.m */,
				C79AA26E1E3459DB0095B708 /* Info.plist */,
			);
			path = OpenCaiTests;
			sourceTree = "<group>";
		};
		C79AA2761E3459DB0095B708 /* OpenCaiUITests */ = {
			isa = PBXGroup;
			children = (
				C79AA2771E3459DB0095B708 /* OpenCaiUITests.m */,
				C79AA2791E3459DB0095B708 /* Info.plist */,
			);
			path = OpenCaiUITests;
			sourceTree = "<group>";
		};
		C79AA2851E345BF40095B708 /* Classes */ = {
			isa = PBXGroup;
			children = (
				C79AA2B61E348E7A0095B708 /* Resource */,
				C79AA2A21E345EE40095B708 /* Main */,
				C79AA2871E345BF40095B708 /* Home */,
				C79AA2891E345BF40095B708 /* Master */,
				C79AA2861E345BF40095B708 /* Feedback */,
				C79AA28A1E345BF40095B708 /* More */,
				C79AA28C1E345BF40095B708 /* Recommend */,
				C79AA28B1E345BF40095B708 /* Others */,
				C79AA28D1E345BF40095B708 /* Tools */,
				C79AA2881E345BF40095B708 /* Libs */,
			);
			path = Classes;
			sourceTree = "<group>";
		};
		C79AA2861E345BF40095B708 /* Feedback */ = {
			isa = PBXGroup;
			children = (
				C79AA2911E345C860095B708 /* Controller */,
				C79AA2921E345C860095B708 /* Model */,
				C79AA2931E345C860095B708 /* View */,
			);
			path = Feedback;
			sourceTree = "<group>";
		};
		C79AA2871E345BF40095B708 /* Home */ = {
			isa = PBXGroup;
			children = (
				C79AA2941E345C970095B708 /* Controller */,
				C79AA2951E345C970095B708 /* Model */,
				C79AA2961E345C970095B708 /* View */,
			);
			path = Home;
			sourceTree = "<group>";
		};
		C79AA2881E345BF40095B708 /* Libs */ = {
			isa = PBXGroup;
			children = (
			);
			path = Libs;
			sourceTree = "<group>";
		};
		C79AA2891E345BF40095B708 /* Master */ = {
			isa = PBXGroup;
			children = (
				C79AA2971E345CAA0095B708 /* Controller */,
				C79AA2981E345CAA0095B708 /* Model */,
				C79AA2991E345CAA0095B708 /* View */,
			);
			path = Master;
			sourceTree = "<group>";
		};
		C79AA28A1E345BF40095B708 /* More */ = {
			isa = PBXGroup;
			children = (
				C79AA29A1E345CB50095B708 /* Controller */,
				C79AA29B1E345CB50095B708 /* Model */,
				C79AA29C1E345CB50095B708 /* View */,
			);
			path = More;
			sourceTree = "<group>";
		};
		C79AA28B1E345BF40095B708 /* Others */ = {
			isa = PBXGroup;
			children = (
				C79AA2AC1E34659A0095B708 /* PrefixHeader.pch */,
			);
			path = Others;
			sourceTree = "<group>";
		};
		C79AA28C1E345BF40095B708 /* Recommend */ = {
			isa = PBXGroup;
			children = (
				C79AA28E1E345C7B0095B708 /* Controller */,
				C79AA28F1E345C7B0095B708 /* Model */,
				C79AA2901E345C7B0095B708 /* View */,
			);
			path = Recommend;
			sourceTree = "<group>";
		};
		C79AA28D1E345BF40095B708 /* Tools */ = {
			isa = PBXGroup;
			children = (
				C79AA2A91E3462110095B708 /* Configuration */,
				C79AA2AA1E3462110095B708 /* Extension */,
			);
			path = Tools;
			sourceTree = "<group>";
		};
		C79AA28E1E345C7B0095B708 /* Controller */ = {
			isa = PBXGroup;
			children = (
			);
			path = Controller;
			sourceTree = "<group>";
		};
		C79AA28F1E345C7B0095B708 /* Model */ = {
			isa = PBXGroup;
			children = (
			);
			path = Model;
			sourceTree = "<group>";
		};
		C79AA2901E345C7B0095B708 /* View */ = {
			isa = PBXGroup;
			children = (
			);
			path = View;
			sourceTree = "<group>";
		};
		C79AA2911E345C860095B708 /* Controller */ = {
			isa = PBXGroup;
			children = (
			);
			path = Controller;
			sourceTree = "<group>";
		};
		C79AA2921E345C860095B708 /* Model */ = {
			isa = PBXGroup;
			children = (
			);
			path = Model;
			sourceTree = "<group>";
		};
		C79AA2931E345C860095B708 /* View */ = {
			isa = PBXGroup;
			children = (
			);
			path = View;
			sourceTree = "<group>";
		};
		C79AA2941E345C970095B708 /* Controller */ = {
			isa = PBXGroup;
			children = (
				C79AA29D1E345E070095B708 /* HomeViewController.h */,
				C79AA29E1E345E070095B708 /* HomeViewController.m */,
			);
			path = Controller;
			sourceTree = "<group>";
		};
		C79AA2951E345C970095B708 /* Model */ = {
			isa = PBXGroup;
			children = (
				C7A2829D1E35A3A40042F8E1 /* ProModel.h */,
				C7A2829E1E35A3A40042F8E1 /* ProModel.m */,
			);
			path = Model;
			sourceTree = "<group>";
		};
		C79AA2961E345C970095B708 /* View */ = {
			isa = PBXGroup;
			children = (
				C79AA2AD1E348B490095B708 /* OpenCodeView.h */,
				C79AA2AE1E348B490095B708 /* OpenCodeView.m */,
				C7AC90831E37321100A45A98 /* OpenTimeView.h */,
				C7AC90841E37321100A45A98 /* OpenTimeView.m */,
				C79AA2B01E348B7E0095B708 /* AreaView.h */,
				C79AA2B11E348B7E0095B708 /* AreaView.m */,
				C79AA2B31E348B910095B708 /* CardView.h */,
				C79AA2B41E348B910095B708 /* CardView.m */,
				C7A282A01E35D7290042F8E1 /* TriangleView.h */,
				C7A282A11E35D7290042F8E1 /* TriangleView.m */,
				C7AC90861E37513D00A45A98 /* ToolBarView.h */,
				C7AC90871E37513D00A45A98 /* ToolBarView.m */,
			);
			path = View;
			sourceTree = "<group>";
		};
		C79AA2971E345CAA0095B708 /* Controller */ = {
			isa = PBXGroup;
			children = (
			);
			path = Controller;
			sourceTree = "<group>";
		};
		C79AA2981E345CAA0095B708 /* Model */ = {
			isa = PBXGroup;
			children = (
			);
			path = Model;
			sourceTree = "<group>";
		};
		C79AA2991E345CAA0095B708 /* View */ = {
			isa = PBXGroup;
			children = (
			);
			path = View;
			sourceTree = "<group>";
		};
		C79AA29A1E345CB50095B708 /* Controller */ = {
			isa = PBXGroup;
			children = (
			);
			path = Controller;
			sourceTree = "<group>";
		};
		C79AA29B1E345CB50095B708 /* Model */ = {
			isa = PBXGroup;
			children = (
			);
			path = Model;
			sourceTree = "<group>";
		};
		C79AA29C1E345CB50095B708 /* View */ = {
			isa = PBXGroup;
			children = (
			);
			path = View;
			sourceTree = "<group>";
		};
		C79AA2A21E345EE40095B708 /* Main */ = {
			isa = PBXGroup;
			children = (
				C79AA2A31E345EE40095B708 /* Controller */,
				C79AA2A41E345EE40095B708 /* Model */,
				C79AA2A51E345EE40095B708 /* View */,
			);
			path = Main;
			sourceTree = "<group>";
		};
		C79AA2A31E345EE40095B708 /* Controller */ = {
			isa = PBXGroup;
			children = (
				C79AA2A61E345FAC0095B708 /* TNavigationController.h */,
				C79AA2A71E345FAC0095B708 /* TNavigationController.m */,
			);
			path = Controller;
			sourceTree = "<group>";
		};
		C79AA2A41E345EE40095B708 /* Model */ = {
			isa = PBXGroup;
			children = (
			);
			path = Model;
			sourceTree = "<group>";
		};
		C79AA2A51E345EE40095B708 /* View */ = {
			isa = PBXGroup;
			children = (
			);
			path = View;
			sourceTree = "<group>";
		};
		C79AA2A91E3462110095B708 /* Configuration */ = {
			isa = PBXGroup;
			children = (
				C79AA2AB1E3462240095B708 /* Macro.h */,
			);
			path = Configuration;
			sourceTree = "<group>";
		};
		C79AA2AA1E3462110095B708 /* Extension */ = {
			isa = PBXGroup;
			children = (
				C79AA2BF1E34950B0095B708 /* UIButton+Extension.h */,
				C79AA2C01E34950B0095B708 /* UIButton+Extension.m */,
				C79AA2C21E3497CA0095B708 /* UILabel+Extension.h */,
				C79AA2C31E3497CA0095B708 /* UILabel+Extension.m */,
			);
			path = Extension;
			sourceTree = "<group>";
		};
		C79AA2B61E348E7A0095B708 /* Resource */ = {
			isa = PBXGroup;
			children = (
				C7AC907B1E37000800A45A98 /* feedback.png */,
				C7AC907C1E37000800A45A98 /* master.png */,
				C7AC907D1E37000800A45A98 /* more.png */,
				C7AC907E1E37000800A45A98 /* recommend.png */,
				C79AA2BB1E348EF90095B708 /* helpIcon.png */,
				C79AA2B91E348EC80095B708 /* loginIcon.png */,
				C79AA2BD1E348F1D0095B708 /* setIcon.png */,
				C79AA2B71E348E910095B708 /* shareIcon.png */,
				C79AA2CB1E34B8400095B708 /* areaIcon.png */,
				C7A2829B1E3596FA0042F8E1 /* ProvinceList.plist */,
			);
			path = Resource;
			sourceTree = "<group>";
		};
		EB1FAC283DF62D2E6D392E64 /* Frameworks */ = {
			isa = PBXGroup;
			children = (
				66D318A4144B18916EDAB010 /* Pods_OpenCai.framework */,
				8A0D8FE227805E77C29F24BE /* Pods_OpenCaiTests.framework */,
				5D14982B96D0150E038427AA /* Pods_OpenCaiUITests.framework */,
			);
			name = Frameworks;
			sourceTree = "<group>";
		};
/* End PBXGroup section */

/* Begin PBXNativeTarget section */
		C79AA24E1E3459DA0095B708 /* OpenCai */ = {
			isa = PBXNativeTarget;
			buildConfigurationList = C79AA27C1E3459DB0095B708 /* Build configuration list for PBXNativeTarget "OpenCai" */;
			buildPhases = (
				FA124874B40E37C9E58CDA58 /* [CP] Check Pods Manifest.lock */,
				C79AA24B1E3459DA0095B708 /* Sources */,
				C79AA24C1E3459DA0095B708 /* Frameworks */,
				C79AA24D1E3459DA0095B708 /* Resources */,
				7EEA0ED541C6B7C909241BD5 /* [CP] Embed Pods Frameworks */,
				47D3BF9F225AC41B3E5EC57E /* [CP] Copy Pods Resources */,
			);
			buildRules = (
			);
			dependencies = (
			);
			name = OpenCai;
			productName = OpenCai;
			productReference = C79AA24F1E3459DA0095B708 /* OpenCai.app */;
			productType = "com.apple.product-type.application";
		};
		C79AA2671E3459DA0095B708 /* OpenCaiTests */ = {
			isa = PBXNativeTarget;
			buildConfigurationList = C79AA27F1E3459DB0095B708 /* Build configuration list for PBXNativeTarget "OpenCaiTests" */;
			buildPhases = (
				9CC08E6EAB673FABA42927E6 /* [CP] Check Pods Manifest.lock */,
				C79AA2641E3459DA0095B708 /* Sources */,
				C79AA2651E3459DA0095B708 /* Frameworks */,
				C79AA2661E3459DA0095B708 /* Resources */,
				8ED4AAF628570C1E086F5EE1 /* [CP] Embed Pods Frameworks */,
				F00A8348051C7C9E3495550E /* [CP] Copy Pods Resources */,
			);
			buildRules = (
			);
			dependencies = (
				C79AA26A1E3459DB0095B708 /* PBXTargetDependency */,
			);
			name = OpenCaiTests;
			productName = OpenCaiTests;
			productReference = C79AA2681E3459DA0095B708 /* OpenCaiTests.xctest */;
			productType = "com.apple.product-type.bundle.unit-test";
		};
		C79AA2721E3459DB0095B708 /* OpenCaiUITests */ = {
			isa = PBXNativeTarget;
			buildConfigurationList = C79AA2821E3459DB0095B708 /* Build configuration list for PBXNativeTarget "OpenCaiUITests" */;
			buildPhases = (
				EAA74BA16AE5CA826560C61D /* [CP] Check Pods Manifest.lock */,
				C79AA26F1E3459DB0095B708 /* Sources */,
				C79AA2701E3459DB0095B708 /* Frameworks */,
				C79AA2711E3459DB0095B708 /* Resources */,
				0A7BCA95EC96B9532BF3296D /* [CP] Embed Pods Frameworks */,
				D25777833CE8BB5F95B66168 /* [CP] Copy Pods Resources */,
			);
			buildRules = (
			);
			dependencies = (
				C79AA2751E3459DB0095B708 /* PBXTargetDependency */,
			);
			name = OpenCaiUITests;
			productName = OpenCaiUITests;
			productReference = C79AA2731E3459DB0095B708 /* OpenCaiUITests.xctest */;
			productType = "com.apple.product-type.bundle.ui-testing";
		};
/* End PBXNativeTarget section */

/* Begin PBXProject section */
		C79AA2471E3459DA0095B708 /* Project object */ = {
			isa = PBXProject;
			attributes = {
				CLASSPREFIX = T;
				LastUpgradeCheck = 0810;
				ORGANIZATIONNAME = "谈虎啸";
				TargetAttributes = {
					C79AA24E1E3459DA0095B708 = {
						CreatedOnToolsVersion = 8.1;
						DevelopmentTeam = MVJVM8PPG6;
						ProvisioningStyle = Automatic;
					};
					C79AA2671E3459DA0095B708 = {
						CreatedOnToolsVersion = 8.1;
						ProvisioningStyle = Automatic;
						TestTargetID = C79AA24E1E3459DA0095B708;
					};
					C79AA2721E3459DB0095B708 = {
						CreatedOnToolsVersion = 8.1;
						ProvisioningStyle = Automatic;
						TestTargetID = C79AA24E1E3459DA0095B708;
					};
				};
			};
			buildConfigurationList = C79AA24A1E3459DA0095B708 /* Build configuration list for PBXProject "OpenCai" */;
			compatibilityVersion = "Xcode 3.2";
			developmentRegion = English;
			hasScannedForEncodings = 0;
			knownRegions = (
				en,
				Base,
			);
			mainGroup = C79AA2461E3459DA0095B708;
			productRefGroup = C79AA2501E3459DA0095B708 /* Products */;
			projectDirPath = "";
			projectRoot = "";
			targets = (
				C79AA24E1E3459DA0095B708 /* OpenCai */,
				C79AA2671E3459DA0095B708 /* OpenCaiTests */,
				C79AA2721E3459DB0095B708 /* OpenCaiUITests */,
			);
		};
/* End PBXProject section */

/* Begin PBXResourcesBuildPhase section */
		C79AA24D1E3459DA0095B708 /* Resources */ = {
			isa = PBXResourcesBuildPhase;
			buildActionMask = 2147483647;
			files = (
				C79AA2621E3459DA0095B708 /* LaunchScreen.storyboard in Resources */,
				C7A2829C1E3596FA0042F8E1 /* ProvinceList.plist in Resources */,
				C79AA2CC1E34B8400095B708 /* areaIcon.png in Resources */,
				C79AA25F1E3459DA0095B708 /* Assets.xcassets in Resources */,
				C79AA2BC1E348EF90095B708 /* helpIcon.png in Resources */,
				C79AA2BE1E348F1D0095B708 /* setIcon.png in Resources */,
				C79AA25D1E3459DA0095B708 /* Main.storyboard in Resources */,
				C79AA2B81E348E910095B708 /* shareIcon.png in Resources */,
				C7AC90821E37000800A45A98 /* recommend.png in Resources */,
				C7AC907F1E37000800A45A98 /* feedback.png in Resources */,
				C7AC90811E37000800A45A98 /* more.png in Resources */,
				C7AC90801E37000800A45A98 /* master.png in Resources */,
				C79AA2BA1E348EC80095B708 /* loginIcon.png in Resources */,
			);
			runOnlyForDeploymentPostprocessing = 0;
		};
		C79AA2661E3459DA0095B708 /* Resources */ = {
			isa = PBXResourcesBuildPhase;
			buildActionMask = 2147483647;
			files = (
			);
			runOnlyForDeploymentPostprocessing = 0;
		};
		C79AA2711E3459DB0095B708 /* Resources */ = {
			isa = PBXResourcesBuildPhase;
			buildActionMask = 2147483647;
			files = (
			);
			runOnlyForDeploymentPostprocessing = 0;
		};
/* End PBXResourcesBuildPhase section */

/* Begin PBXShellScriptBuildPhase section */
		0A7BCA95EC96B9532BF3296D /* [CP] Embed Pods Frameworks */ = {
			isa = PBXShellScriptBuildPhase;
			buildActionMask = 2147483647;
			files = (
			);
			inputPaths = (
			);
			name = "[CP] Embed Pods Frameworks";
			outputPaths = (
			);
			runOnlyForDeploymentPostprocessing = 0;
			shellPath = /bin/sh;
			shellScript = "\"${SRCROOT}/Pods/Target Support Files/Pods-OpenCaiUITests/Pods-OpenCaiUITests-frameworks.sh\"\n";
			showEnvVarsInLog = 0;
		};
		47D3BF9F225AC41B3E5EC57E /* [CP] Copy Pods Resources */ = {
			isa = PBXShellScriptBuildPhase;
			buildActionMask = 2147483647;
			files = (
			);
			inputPaths = (
			);
			name = "[CP] Copy Pods Resources";
			outputPaths = (
			);
			runOnlyForDeploymentPostprocessing = 0;
			shellPath = /bin/sh;
			shellScript = "\"${SRCROOT}/Pods/Target Support Files/Pods-OpenCai/Pods-OpenCai-resources.sh\"\n";
			showEnvVarsInLog = 0;
		};
		7EEA0ED541C6B7C909241BD5 /* [CP] Embed Pods Frameworks */ = {
			isa = PBXShellScriptBuildPhase;
			buildActionMask = 2147483647;
			files = (
			);
			inputPaths = (
			);
			name = "[CP] Embed Pods Frameworks";
			outputPaths = (
			);
			runOnlyForDeploymentPostprocessing = 0;
			shellPath = /bin/sh;
			shellScript = "\"${SRCROOT}/Pods/Target Support Files/Pods-OpenCai/Pods-OpenCai-frameworks.sh\"\n";
			showEnvVarsInLog = 0;
		};
		8ED4AAF628570C1E086F5EE1 /* [CP] Embed Pods Frameworks */ = {
			isa = PBXShellScriptBuildPhase;
			buildActionMask = 2147483647;
			files = (
			);
			inputPaths = (
			);
			name = "[CP] Embed Pods Frameworks";
			outputPaths = (
			);
			runOnlyForDeploymentPostprocessing = 0;
			shellPath = /bin/sh;
			shellScript = "\"${SRCROOT}/Pods/Target Support Files/Pods-OpenCaiTests/Pods-OpenCaiTests-frameworks.sh\"\n";
			showEnvVarsInLog = 0;
		};
		9CC08E6EAB673FABA42927E6 /* [CP] Check Pods Manifest.lock */ = {
			isa = PBXShellScriptBuildPhase;
			buildActionMask = 2147483647;
			files = (
			);
			inputPaths = (
			);
			name = "[CP] Check Pods Manifest.lock";
			outputPaths = (
			);
			runOnlyForDeploymentPostprocessing = 0;
			shellPath = /bin/sh;
			shellScript = "diff \"${PODS_ROOT}/../Podfile.lock\" \"${PODS_ROOT}/Manifest.lock\" > /dev/null\nif [ $? != 0 ] ; then\n    # print error to STDERR\n    echo \"error: The sandbox is not in sync with the Podfile.lock. Run 'pod install' or update your CocoaPods installation.\" >&2\n    exit 1\nfi\n";
			showEnvVarsInLog = 0;
		};
		D25777833CE8BB5F95B66168 /* [CP] Copy Pods Resources */ = {
			isa = PBXShellScriptBuildPhase;
			buildActionMask = 2147483647;
			files = (
			);
			inputPaths = (
			);
			name = "[CP] Copy Pods Resources";
			outputPaths = (
			);
			runOnlyForDeploymentPostprocessing = 0;
			shellPath = /bin/sh;
			shellScript = "\"${SRCROOT}/Pods/Target Support Files/Pods-OpenCaiUITests/Pods-OpenCaiUITests-resources.sh\"\n";
			showEnvVarsInLog = 0;
		};
		EAA74BA16AE5CA826560C61D /* [CP] Check Pods Manifest.lock */ = {
			isa = PBXShellScriptBuildPhase;
			buildActionMask = 2147483647;
			files = (
			);
			inputPaths = (
			);
			name = "[CP] Check Pods Manifest.lock";
			outputPaths = (
			);
			runOnlyForDeploymentPostprocessing = 0;
			shellPath = /bin/sh;
			shellScript = "diff \"${PODS_ROOT}/../Podfile.lock\" \"${PODS_ROOT}/Manifest.lock\" > /dev/null\nif [ $? != 0 ] ; then\n    # print error to STDERR\n    echo \"error: The sandbox is not in sync with the Podfile.lock. Run 'pod install' or update your CocoaPods installation.\" >&2\n    exit 1\nfi\n";
			showEnvVarsInLog = 0;
		};
		F00A8348051C7C9E3495550E /* [CP] Copy Pods Resources */ = {
			isa = PBXShellScriptBuildPhase;
			buildActionMask = 2147483647;
			files = (
			);
			inputPaths = (
			);
			name = "[CP] Copy Pods Resources";
			outputPaths = (
			);
			runOnlyForDeploymentPostprocessing = 0;
			shellPath = /bin/sh;
			shellScript = "\"${SRCROOT}/Pods/Target Support Files/Pods-OpenCaiTests/Pods-OpenCaiTests-resources.sh\"\n";
			showEnvVarsInLog = 0;
		};
		FA124874B40E37C9E58CDA58 /* [CP] Check Pods Manifest.lock */ = {
			isa = PBXShellScriptBuildPhase;
			buildActionMask = 2147483647;
			files = (
			);
			inputPaths = (
			);
			name = "[CP] Check Pods Manifest.lock";
			outputPaths = (
			);
			runOnlyForDeploymentPostprocessing = 0;
			shellPath = /bin/sh;
			shellScript = "diff \"${PODS_ROOT}/../Podfile.lock\" \"${PODS_ROOT}/Manifest.lock\" > /dev/null\nif [ $? != 0 ] ; then\n    # print error to STDERR\n    echo \"error: The sandbox is not in sync with the Podfile.lock. Run 'pod install' or update your CocoaPods installation.\" >&2\n    exit 1\nfi\n";
			showEnvVarsInLog = 0;
		};
/* End PBXShellScriptBuildPhase section */

/* Begin PBXSourcesBuildPhase section */
		C79AA24B1E3459DA0095B708 /* Sources */ = {
			isa = PBXSourcesBuildPhase;
			buildActionMask = 2147483647;
			files = (
				C79AA25A1E3459DA0095B708 /* ViewController.m in Sources */,
				C7A2829F1E35A3A40042F8E1 /* ProModel.m in Sources */,
				C7AC90881E37513D00A45A98 /* ToolBarView.m in Sources */,
				C7A282A21E35D7290042F8E1 /* TriangleView.m in Sources */,
				C7AC90851E37321100A45A98 /* OpenTimeView.m in Sources */,
				C79AA2571E3459DA0095B708 /* AppDelegate.m in Sources */,
				C79AA2B51E348B910095B708 /* CardView.m in Sources */,
				C79AA2C11E34950B0095B708 /* UIButton+Extension.m in Sources */,
				C79AA2541E3459DA0095B708 /* main.m in Sources */,
				C79AA2AF1E348B490095B708 /* OpenCodeView.m in Sources */,
				C79AA2A81E345FAC0095B708 /* TNavigationController.m in Sources */,
				C79AA2B21E348B7E0095B708 /* AreaView.m in Sources */,
				C79AA2C41E3497CA0095B708 /* UILabel+Extension.m in Sources */,
				C79AA2A01E345E070095B708 /* HomeViewController.m in Sources */,
			);
			runOnlyForDeploymentPostprocessing = 0;
		};
		C79AA2641E3459DA0095B708 /* Sources */ = {
			isa = PBXSourcesBuildPhase;
			buildActionMask = 2147483647;
			files = (
				C79AA26D1E3459DB0095B708 /* OpenCaiTests.m in Sources */,
			);
			runOnlyForDeploymentPostprocessing = 0;
		};
		C79AA26F1E3459DB0095B708 /* Sources */ = {
			isa = PBXSourcesBuildPhase;
			buildActionMask = 2147483647;
			files = (
				C79AA2781E3459DB0095B708 /* OpenCaiUITests.m in Sources */,
			);
			runOnlyForDeploymentPostprocessing = 0;
		};
/* End PBXSourcesBuildPhase section */

/* Begin PBXTargetDependency section */
		C79AA26A1E3459DB0095B708 /* PBXTargetDependency */ = {
			isa = PBXTargetDependency;
			target = C79AA24E1E3459DA0095B708 /* OpenCai */;
			targetProxy = C79AA2691E3459DB0095B708 /* PBXContainerItemProxy */;
		};
		C79AA2751E3459DB0095B708 /* PBXTargetDependency */ = {
			isa = PBXTargetDependency;
			target = C79AA24E1E3459DA0095B708 /* OpenCai */;
			targetProxy = C79AA2741E3459DB0095B708 /* PBXContainerItemProxy */;
		};
/* End PBXTargetDependency section */

/* Begin PBXVariantGroup section */
		C79AA25B1E3459DA0095B708 /* Main.storyboard */ = {
			isa = PBXVariantGroup;
			children = (
				C79AA25C1E3459DA0095B708 /* Base */,
			);
			name = Main.storyboard;
			sourceTree = "<group>";
		};
		C79AA2601E3459DA0095B708 /* LaunchScreen.storyboard */ = {
			isa = PBXVariantGroup;
			children = (
				C79AA2611E3459DA0095B708 /* Base */,
			);
			name = LaunchScreen.storyboard;
			sourceTree = "<group>";
		};
/* End PBXVariantGroup section */

/* Begin XCBuildConfiguration section */
		C79AA27A1E3459DB0095B708 /* Debug */ = {
			isa = XCBuildConfiguration;
			buildSettings = {
				ALWAYS_SEARCH_USER_PATHS = NO;
				CLANG_ANALYZER_NONNULL = YES;
				CLANG_CXX_LANGUAGE_STANDARD = "gnu++0x";
				CLANG_CXX_LIBRARY = "libc++";
				CLANG_ENABLE_MODULES = YES;
				CLANG_ENABLE_OBJC_ARC = YES;
				CLANG_WARN_BOOL_CONVERSION = YES;
				CLANG_WARN_CONSTANT_CONVERSION = YES;
				CLANG_WARN_DIRECT_OBJC_ISA_USAGE = YES_ERROR;
				CLANG_WARN_DOCUMENTATION_COMMENTS = YES;
				CLANG_WARN_EMPTY_BODY = YES;
				CLANG_WARN_ENUM_CONVERSION = YES;
				CLANG_WARN_INFINITE_RECURSION = YES;
				CLANG_WARN_INT_CONVERSION = YES;
				CLANG_WARN_OBJC_ROOT_CLASS = YES_ERROR;
				CLANG_WARN_SUSPICIOUS_MOVES = YES;
				CLANG_WARN_UNREACHABLE_CODE = YES;
				CLANG_WARN__DUPLICATE_METHOD_MATCH = YES;
				"CODE_SIGN_IDENTITY[sdk=iphoneos*]" = "iPhone Developer";
				COPY_PHASE_STRIP = NO;
				DEBUG_INFORMATION_FORMAT = dwarf;
				ENABLE_STRICT_OBJC_MSGSEND = YES;
				ENABLE_TESTABILITY = YES;
				GCC_C_LANGUAGE_STANDARD = gnu99;
				GCC_DYNAMIC_NO_PIC = NO;
				GCC_NO_COMMON_BLOCKS = YES;
				GCC_OPTIMIZATION_LEVEL = 0;
				GCC_PREPROCESSOR_DEFINITIONS = (
					"DEBUG=1",
					"$(inherited)",
				);
				GCC_WARN_64_TO_32_BIT_CONVERSION = YES;
				GCC_WARN_ABOUT_RETURN_TYPE = YES_ERROR;
				GCC_WARN_UNDECLARED_SELECTOR = YES;
				GCC_WARN_UNINITIALIZED_AUTOS = YES_AGGRESSIVE;
				GCC_WARN_UNUSED_FUNCTION = YES;
				GCC_WARN_UNUSED_VARIABLE = YES;
				IPHONEOS_DEPLOYMENT_TARGET = 10.1;
				MTL_ENABLE_DEBUG_INFO = YES;
				ONLY_ACTIVE_ARCH = YES;
				SDKROOT = iphoneos;
			};
			name = Debug;
		};
		C79AA27B1E3459DB0095B708 /* Release */ = {
			isa = XCBuildConfiguration;
			buildSettings = {
				ALWAYS_SEARCH_USER_PATHS = NO;
				CLANG_ANALYZER_NONNULL = YES;
				CLANG_CXX_LANGUAGE_STANDARD = "gnu++0x";
				CLANG_CXX_LIBRARY = "libc++";
				CLANG_ENABLE_MODULES = YES;
				CLANG_ENABLE_OBJC_ARC = YES;
				CLANG_WARN_BOOL_CONVERSION = YES;
				CLANG_WARN_CONSTANT_CONVERSION = YES;
				CLANG_WARN_DIRECT_OBJC_ISA_USAGE = YES_ERROR;
				CLANG_WARN_DOCUMENTATION_COMMENTS = YES;
				CLANG_WARN_EMPTY_BODY = YES;
				CLANG_WARN_ENUM_CONVERSION = YES;
				CLANG_WARN_INFINITE_RECURSION = YES;
				CLANG_WARN_INT_CONVERSION = YES;
				CLANG_WARN_OBJC_ROOT_CLASS = YES_ERROR;
				CLANG_WARN_SUSPICIOUS_MOVES = YES;
				CLANG_WARN_UNREACHABLE_CODE = YES;
				CLANG_WARN__DUPLICATE_METHOD_MATCH = YES;
				"CODE_SIGN_IDENTITY[sdk=iphoneos*]" = "iPhone Developer";
				COPY_PHASE_STRIP = NO;
				DEBUG_INFORMATION_FORMAT = "dwarf-with-dsym";
				ENABLE_NS_ASSERTIONS = NO;
				ENABLE_STRICT_OBJC_MSGSEND = YES;
				GCC_C_LANGUAGE_STANDARD = gnu99;
				GCC_NO_COMMON_BLOCKS = YES;
				GCC_WARN_64_TO_32_BIT_CONVERSION = YES;
				GCC_WARN_ABOUT_RETURN_TYPE = YES_ERROR;
				GCC_WARN_UNDECLARED_SELECTOR = YES;
				GCC_WARN_UNINITIALIZED_AUTOS = YES_AGGRESSIVE;
				GCC_WARN_UNUSED_FUNCTION = YES;
				GCC_WARN_UNUSED_VARIABLE = YES;
				IPHONEOS_DEPLOYMENT_TARGET = 10.1;
				MTL_ENABLE_DEBUG_INFO = NO;
				SDKROOT = iphoneos;
				VALIDATE_PRODUCT = YES;
			};
			name = Release;
		};
		C79AA27D1E3459DB0095B708 /* Debug */ = {
			isa = XCBuildConfiguration;
			baseConfigurationReference = 097FDB51259412E4DE1152AB /* Pods-OpenCai.debug.xcconfig */;
			buildSettings = {
				ASSETCATALOG_COMPILER_APPICON_NAME = AppIcon;
				DEVELOPMENT_TEAM = MVJVM8PPG6;
				GCC_PREFIX_HEADER = OpenCai/Classes/Others/PrefixHeader.pch;
				INFOPLIST_FILE = OpenCai/Info.plist;
				IPHONEOS_DEPLOYMENT_TARGET = 8.0;
				LD_RUNPATH_SEARCH_PATHS = "$(inherited) @executable_path/Frameworks";
				PRODUCT_BUNDLE_IDENTIFIER = com.tanhuxiao.OpenCai;
				PRODUCT_NAME = "$(TARGET_NAME)";
			};
			name = Debug;
		};
		C79AA27E1E3459DB0095B708 /* Release */ = {
			isa = XCBuildConfiguration;
			baseConfigurationReference = 7E60CF140C293F2DC51FC4BA /* Pods-OpenCai.release.xcconfig */;
			buildSettings = {
				ASSETCATALOG_COMPILER_APPICON_NAME = AppIcon;
				DEVELOPMENT_TEAM = MVJVM8PPG6;
				GCC_PREFIX_HEADER = OpenCai/Classes/Others/PrefixHeader.pch;
				INFOPLIST_FILE = OpenCai/Info.plist;
				IPHONEOS_DEPLOYMENT_TARGET = 8.0;
				LD_RUNPATH_SEARCH_PATHS = "$(inherited) @executable_path/Frameworks";
				PRODUCT_BUNDLE_IDENTIFIER = com.tanhuxiao.OpenCai;
				PRODUCT_NAME = "$(TARGET_NAME)";
			};
			name = Release;
		};
		C79AA2801E3459DB0095B708 /* Debug */ = {
			isa = XCBuildConfiguration;
			baseConfigurationReference = E5DCC874DF9CD6F710C42308 /* Pods-OpenCaiTests.debug.xcconfig */;
			buildSettings = {
				BUNDLE_LOADER = "$(TEST_HOST)";
				INFOPLIST_FILE = OpenCaiTests/Info.plist;
				LD_RUNPATH_SEARCH_PATHS = "$(inherited) @executable_path/Frameworks @loader_path/Frameworks";
				PRODUCT_BUNDLE_IDENTIFIER = com.tanhuxiao.OpenCaiTests;
				PRODUCT_NAME = "$(TARGET_NAME)";
				TEST_HOST = "$(BUILT_PRODUCTS_DIR)/OpenCai.app/OpenCai";
			};
			name = Debug;
		};
		C79AA2811E3459DB0095B708 /* Release */ = {
			isa = XCBuildConfiguration;
			baseConfigurationReference = 0CCEE8CBCEFF5DBBCAF0D706 /* Pods-OpenCaiTests.release.xcconfig */;
			buildSettings = {
				BUNDLE_LOADER = "$(TEST_HOST)";
				INFOPLIST_FILE = OpenCaiTests/Info.plist;
				LD_RUNPATH_SEARCH_PATHS = "$(inherited) @executable_path/Frameworks @loader_path/Frameworks";
				PRODUCT_BUNDLE_IDENTIFIER = com.tanhuxiao.OpenCaiTests;
				PRODUCT_NAME = "$(TARGET_NAME)";
				TEST_HOST = "$(BUILT_PRODUCTS_DIR)/OpenCai.app/OpenCai";
			};
			name = Release;
		};
		C79AA2831E3459DB0095B708 /* Debug */ = {
			isa = XCBuildConfiguration;
			baseConfigurationReference = 436922570C829BD36405C2CD /* Pods-OpenCaiUITests.debug.xcconfig */;
			buildSettings = {
				INFOPLIST_FILE = OpenCaiUITests/Info.plist;
				LD_RUNPATH_SEARCH_PATHS = "$(inherited) @executable_path/Frameworks @loader_path/Frameworks";
				PRODUCT_BUNDLE_IDENTIFIER = com.tanhuxiao.OpenCaiUITests;
				PRODUCT_NAME = "$(TARGET_NAME)";
				TEST_TARGET_NAME = OpenCai;
			};
			name = Debug;
		};
		C79AA2841E3459DB0095B708 /* Release */ = {
			isa = XCBuildConfiguration;
			baseConfigurationReference = 791D890F12B899B046CF93ED /* Pods-OpenCaiUITests.release.xcconfig */;
			buildSettings = {
				INFOPLIST_FILE = OpenCaiUITests/Info.plist;
				LD_RUNPATH_SEARCH_PATHS = "$(inherited) @executable_path/Frameworks @loader_path/Frameworks";
				PRODUCT_BUNDLE_IDENTIFIER = com.tanhuxiao.OpenCaiUITests;
				PRODUCT_NAME = "$(TARGET_NAME)";
				TEST_TARGET_NAME = OpenCai;
			};
			name = Release;
		};
/* End XCBuildConfiguration section */

/* Begin XCConfigurationList section */
		C79AA24A1E3459DA0095B708 /* Build configuration list for PBXProject "OpenCai" */ = {
			isa = XCConfigurationList;
			buildConfigurations = (
				C79AA27A1E3459DB0095B708 /* Debug */,
				C79AA27B1E3459DB0095B708 /* Release */,
			);
			defaultConfigurationIsVisible = 0;
			defaultConfigurationName = Release;
		};
		C79AA27C1E3459DB0095B708 /* Build configuration list for PBXNativeTarget "OpenCai" */ = {
			isa = XCConfigurationList;
			buildConfigurations = (
				C79AA27D1E3459DB0095B708 /* Debug */,
				C79AA27E1E3459DB0095B708 /* Release */,
			);
			defaultConfigurationIsVisible = 0;
			defaultConfigurationName = Release;
		};
		C79AA27F1E3459DB0095B708 /* Build configuration list for PBXNativeTarget "OpenCaiTests" */ = {
			isa = XCConfigurationList;
			buildConfigurations = (
				C79AA2801E3459DB0095B708 /* Debug */,
				C79AA2811E3459DB0095B708 /* Release */,
			);
			defaultConfigurationIsVisible = 0;
			defaultConfigurationName = Release;
		};
		C79AA2821E3459DB0095B708 /* Build configuration list for PBXNativeTarget "OpenCaiUITests" */ = {
			isa = XCConfigurationList;
			buildConfigurations = (
				C79AA2831E3459DB0095B708 /* Debug */,
				C79AA2841E3459DB0095B708 /* Release */,
			);
			defaultConfigurationIsVisible = 0;
			defaultConfigurationName = Release;
		};
/* End XCConfigurationList section */
	};
	rootObject = C79AA2471E3459DA0095B708 /* Project object */;
}
